
Microsoft Visual Studio Solution File, Format Version 12.00
# Visual Studio Version 16
VisualStudioVersion = 16.0.33529.622
MinimumVisualStudioVersion = 10.0.40219.1
Project("{FAE04EC0-301F-11D3-BF4B-00C04F79EFBC}") = "Wpf_Student_Nav", "Wpf_Student_Nav\Wpf_Student_Nav.csproj", "{824D62DD-5C37-4256-AE13-AFAE45555A94}"
EndProject
Global
	GlobalSection(SolutionConfigurationPlatforms) = preSolution
		Debug|Any CPU = Debug|Any CPU
		Release|Any CPU = Release|Any CPU
	EndGlobalSection
	GlobalSection(ProjectConfigurationPlatforms) = postSolution
		{824D62DD-5C37-4256-AE13-AFAE45555A94}.Debug|Any CPU.ActiveCfg = Debug|Any CPU
		{824D62DD-5C37-4256-AE13-AFAE45555A94}.Debug|Any CPU.Build.0 = Debug|Any CPU
		{824D62DD-5C37-4256-AE13-AFAE45555A94}.Release|Any CPU.ActiveCfg = Release|Any CPU
		{824D62DD-5C37-4256-AE13-AFAE45555A94}.Release|Any CPU.Build.0 = Release|Any CPU
	EndGlobalSection
	GlobalSection(SolutionProperties) = preSolution
		HideSolutionNode = FALSE
	EndGlobalSection
	GlobalSection(ExtensibilityGlobals) = postSolution
		SolutionGuid = {30DED6B1-1010-4326-8319-8F563E95A98F}
	EndGlobalSection
EndGlobal
